
Microsoft Visual Studio Solution File, Format Version 12.00
# Visual Studio 2013
VisualStudioVersion = 12.0.31101.0
MinimumVisualStudioVersion = 10.0.40219.1
Project("{FAE04EC0-301F-11D3-BF4B-00C04F79EFBC}") = "MediaMotion.Motion.LeapMotion", "MediaMotion.Motion.LeapMotion\MediaMotion.Motion.LeapMotion.csproj", "{4941DBA6-22D7-4F5A-93E7-6CBE56913C45}"
EndProject
Project("{FAE04EC0-301F-11D3-BF4B-00C04F79EFBC}") = "MediaMotion.Motion", "..\MediaMotion.Motion\MediaMotion.Motion\MediaMotion.Motion.csproj", "{4E88DA8E-EB8E-4C2C-9E9B-EBF64AC12C42}"
EndProject
Project("{FAE04EC0-301F-11D3-BF4B-00C04F79EFBC}") = "MediaMotion.Motion.LeapMotion.Testing", "MediaMotion.Motion.LeapMotion.Testing\MediaMotion.Motion.LeapMotion.Testing.csproj", "{CEF9A8A4-D504-4A34-9E46-2DC863CF99AB}"
EndProject
Project("{FAE04EC0-301F-11D3-BF4B-00C04F79EFBC}") = "MediaMotion.Motion.LeapMotionTests", "MediaMotion.Motion.LeapMotionTests\MediaMotion.Motion.LeapMotionTests.csproj", "{D0C356C6-C80A-44CD-9290-5D59DEB30D93}"
EndProject
Global
	GlobalSection(SolutionConfigurationPlatforms) = preSolution
		Debug|Any CPU = Debug|Any CPU
		Release|Any CPU = Release|Any CPU
		Unix Debug|Any CPU = Unix Debug|Any CPU
	EndGlobalSection
	GlobalSection(ProjectConfigurationPlatforms) = postSolution
		{4941DBA6-22D7-4F5A-93E7-6CBE56913C45}.Debug|Any CPU.ActiveCfg = Debug|Any CPU
		{4941DBA6-22D7-4F5A-93E7-6CBE56913C45}.Debug|Any CPU.Build.0 = Debug|Any CPU
		{4941DBA6-22D7-4F5A-93E7-6CBE56913C45}.Release|Any CPU.ActiveCfg = Release|Any CPU
		{4941DBA6-22D7-4F5A-93E7-6CBE56913C45}.Release|Any CPU.Build.0 = Release|Any CPU
		{4941DBA6-22D7-4F5A-93E7-6CBE56913C45}.Unix Debug|Any CPU.ActiveCfg = Unix Debug|Any CPU
		{4941DBA6-22D7-4F5A-93E7-6CBE56913C45}.Unix Debug|Any CPU.Build.0 = Unix Debug|Any CPU
		{4E88DA8E-EB8E-4C2C-9E9B-EBF64AC12C42}.Debug|Any CPU.ActiveCfg = Debug|Any CPU
		{4E88DA8E-EB8E-4C2C-9E9B-EBF64AC12C42}.Debug|Any CPU.Build.0 = Debug|Any CPU
		{4E88DA8E-EB8E-4C2C-9E9B-EBF64AC12C42}.Release|Any CPU.ActiveCfg = Release|Any CPU
		{4E88DA8E-EB8E-4C2C-9E9B-EBF64AC12C42}.Release|Any CPU.Build.0 = Release|Any CPU
		{4E88DA8E-EB8E-4C2C-9E9B-EBF64AC12C42}.Unix Debug|Any CPU.ActiveCfg = Unix Debug|Any CPU
		{4E88DA8E-EB8E-4C2C-9E9B-EBF64AC12C42}.Unix Debug|Any CPU.Build.0 = Unix Debug|Any CPU
		{CEF9A8A4-D504-4A34-9E46-2DC863CF99AB}.Debug|Any CPU.ActiveCfg = Debug|Any CPU
		{CEF9A8A4-D504-4A34-9E46-2DC863CF99AB}.Debug|Any CPU.Build.0 = Debug|Any CPU
		{CEF9A8A4-D504-4A34-9E46-2DC863CF99AB}.Release|Any CPU.ActiveCfg = Release|Any CPU
		{CEF9A8A4-D504-4A34-9E46-2DC863CF99AB}.Release|Any CPU.Build.0 = Release|Any CPU
		{CEF9A8A4-D504-4A34-9E46-2DC863CF99AB}.Unix Debug|Any CPU.ActiveCfg = Unix Debug|Any CPU
		{CEF9A8A4-D504-4A34-9E46-2DC863CF99AB}.Unix Debug|Any CPU.Build.0 = Unix Debug|Any CPU
		{D0C356C6-C80A-44CD-9290-5D59DEB30D93}.Debug|Any CPU.ActiveCfg = Debug|Any CPU
		{D0C356C6-C80A-44CD-9290-5D59DEB30D93}.Debug|Any CPU.Build.0 = Debug|Any CPU
		{D0C356C6-C80A-44CD-9290-5D59DEB30D93}.Release|Any CPU.ActiveCfg = Release|Any CPU
		{D0C356C6-C80A-44CD-9290-5D59DEB30D93}.Release|Any CPU.Build.0 = Release|Any CPU
		{D0C356C6-C80A-44CD-9290-5D59DEB30D93}.Unix Debug|Any CPU.ActiveCfg = Debug|Any CPU
		{D0C356C6-C80A-44CD-9290-5D59DEB30D93}.Unix Debug|Any CPU.Build.0 = Debug|Any CPU
	EndGlobalSection
	GlobalSection(SolutionProperties) = preSolution
		HideSolutionNode = FALSE
	EndGlobalSection
	GlobalSection(MonoDevelopProperties) = preSolution
		StartupItem = MediaMotion.Motion.LeapMotion\MediaMotion.Motion.LeapMotion.csproj
	EndGlobalSection
EndGlobal
